
Microsoft Visual Studio Solution File, Format Version 12.00
# Visual Studio Version 17
VisualStudioVersion = 17.9.34616.47
MinimumVisualStudioVersion = 10.0.40219.1
Project("{9A19103F-16F7-4668-BE54-9A1E7A4F7556}") = "ChurchAWSLambda", "ChurchAWSLambda\ChurchAWSLambda.csproj", "{5D628608-B5C2-426F-B886-AE1C70299CF4}"
EndProject
Project("{9A19103F-16F7-4668-BE54-9A1E7A4F7556}") = "ScratchLambda", "sam-app\src\ScratchLambda\ScratchLambda.csproj", "{59851166-C386-4D48-81E2-C9D99B664B6B}"
EndProject
Global
	GlobalSection(SolutionConfigurationPlatforms) = preSolution
		Debug|Any CPU = Debug|Any CPU
		Release|Any CPU = Release|Any CPU
	EndGlobalSection
	GlobalSection(ProjectConfigurationPlatforms) = postSolution
		{5D628608-B5C2-426F-B886-AE1C70299CF4}.Debug|Any CPU.ActiveCfg = Debug|Any CPU
		{5D628608-B5C2-426F-B886-AE1C70299CF4}.Debug|Any CPU.Build.0 = Debug|Any CPU
		{5D628608-B5C2-426F-B886-AE1C70299CF4}.Release|Any CPU.ActiveCfg = Release|Any CPU
		{5D628608-B5C2-426F-B886-AE1C70299CF4}.Release|Any CPU.Build.0 = Release|Any CPU
		{59851166-C386-4D48-81E2-C9D99B664B6B}.Debug|Any CPU.ActiveCfg = Debug|Any CPU
		{59851166-C386-4D48-81E2-C9D99B664B6B}.Debug|Any CPU.Build.0 = Debug|Any CPU
		{59851166-C386-4D48-81E2-C9D99B664B6B}.Release|Any CPU.ActiveCfg = Release|Any CPU
		{59851166-C386-4D48-81E2-C9D99B664B6B}.Release|Any CPU.Build.0 = Release|Any CPU
	EndGlobalSection
	GlobalSection(SolutionProperties) = preSolution
		HideSolutionNode = FALSE
	EndGlobalSection
	GlobalSection(ExtensibilityGlobals) = postSolution
		SolutionGuid = {BE1EA4B1-8089-4825-9EFE-AE966047866B}
	EndGlobalSection
EndGlobal
